{
  "version": 1,
  "dependencies": {
    "net10.0-windows10.0.26100": {
      "CommunityToolkit.Mvvm": {
        "type": "Direct",
        "requested": "[8.4.2, )",
        "resolved": "8.4.2",
        "contentHash": "WadCzGEc2U+3e20avRLng4qNtt4zoOGWrdUISqJWrHe3/FSnrYjuM5Sb4yQb09LhkBXrrI4Zt3dLKgRMbItsrg=="
      },
      "Microsoft.Graphics.Win2D": {
        "type": "Direct",
        "requested": "[1.4.0, )",
        "resolved": "1.4.0",
        "contentHash": "/04yyf3xEOxeBK+SXxGB6OYLjXBVuujcLQF04mREcRcBT59IMI+oDbXOZZG2c/mJL8kKFC8r3wqz6MyA6IP3oA==",
        "dependencies": {
          "Microsoft.WindowsAppSDK.WinUI": "1.8.260204000"
        }
      },
      "Microsoft.Windows.SDK.BuildTools": {
        "type": "Direct",
        "requested": "[10.0.26100.4654, )",
        "resolved": "10.0.26100.4654",
        "contentHash": "2mgcOlj/t2RfSyyw+pVESfO+Tk1RkfQzto9Vrq42M1lUQIfQEwbi8QLha9GXWIOj+TFzeHIEJckIoF25mgiM8A=="
      },
      "Microsoft.Windows.SDK.BuildTools.WinApp": {
        "type": "Direct",
        "requested": "[0.4.0, )",
        "resolved": "0.4.0",
        "contentHash": "5xq7u0YRQvOFT4xOfqBVgwnpUyEXMWAtCa88uY/jhK4HITivDH2iDVQtyjpqWI2DUkFyfcXPYgAxTIjmNui5eg=="
      },
      "Microsoft.WindowsAppSDK.WinUI": {
        "type": "Direct",
        "requested": "[2.2.1, )",
        "resolved": "2.2.1",
        "contentHash": "w8KuqJB7IphDRXAGNVuRq+oGeoGycc4ZAraA+OIpsGm/boEKHLkwXmzNDaNrVlnsDpjxQFWE2XVp0hXjlWJqxw==",
        "dependencies": {
          "Microsoft.Web.WebView2": "1.0.3719.77",
          "Microsoft.WindowsAppSDK.Base": "2.0.4",
          "Microsoft.WindowsAppSDK.Foundation": "2.1.0",
          "Microsoft.WindowsAppSDK.InteractiveExperiences": "2.0.15"
        }
      },
      "Serilog": {
        "type": "Direct",
        "requested": "[4.3.0, )",
        "resolved": "4.3.0",
        "contentHash": "+cDryFR0GRhsGOnZSKwaDzRRl4MupvJ42FhCE4zhQRVanX0Jpg6WuCBk59OVhVDPmab1bB+nRykAnykYELA9qQ=="
      },
      "Serilog.Sinks.File": {
        "type": "Direct",
        "requested": "[7.0.0, )",
        "resolved": "7.0.0",
        "contentHash": "fKL7mXv7qaiNBUC71ssvn/dU0k9t0o45+qm2XgKAlSt19xF+ijjxyA3R6HmCgfKEKwfcfkwWjayuQtRueZFkYw==",
        "dependencies": {
          "Serilog": "4.2.0"
        }
      },
      "Microsoft.Web.WebView2": {
        "type": "Transitive",
        "resolved": "1.0.3719.77",
        "contentHash": "t+ucyKw5NTwMjsUrDF6R9Lk40lpcKQD1/HgyGFxl49tdA4h9dKlsj6FYGEmDRpFNfnTpENuTypMcdbrlkqBdDA=="
      },
      "Microsoft.Windows.SDK.BuildTools.MSIX": {
        "type": "Transitive",
        "resolved": "1.7.251221100",
        "contentHash": "f4aIZJ0NUth2403oxrpR+9rxVzZVI6dabqB21u8ncnk8eJAKCs9m77E4iYAnvP1YwrRe4axz3f8+yUcttNSfEA=="
      },
      "Microsoft.WindowsAppSDK.Base": {
        "type": "Transitive",
        "resolved": "2.0.4",
        "contentHash": "QXSy2llX2/Bx9dYWGUEsb10F40q94ZiDnPMzqa2/qRmTG4y9EXxGp6uHITb7c0b4FCa+6KFBlgh6D53M0QEMEg==",
        "dependencies": {
          "Microsoft.Windows.SDK.BuildTools": "10.0.26100.4654",
          "Microsoft.Windows.SDK.BuildTools.MSIX": "1.7.251221100"
        }
      },
      "Microsoft.WindowsAppSDK.Foundation": {
        "type": "Transitive",
        "resolved": "2.1.0",
        "contentHash": "Urz1WrsXHYDHYrCPIWZlSTwgXwghEXlS6lY62Hk3vZE0GZ3hyYrMM7a+p6RrXC55GEgrRhOTRqXqcH2ZL/UWRA==",
        "dependencies": {
          "Microsoft.WindowsAppSDK.Base": "2.0.4",
          "Microsoft.WindowsAppSDK.InteractiveExperiences": "2.0.15"
        }
      },
      "Microsoft.WindowsAppSDK.InteractiveExperiences": {
        "type": "Transitive",
        "resolved": "2.0.15",
        "contentHash": "aQ9uzAIhTaN9zkclrtVg6kylpF+hESU+tC0bHarOCWdBz8ShZ7gt+gKwEmjKiqtPv6sRrRglyLLNVSPfb8KmMQ==",
        "dependencies": {
          "Microsoft.WindowsAppSDK.Base": "2.0.4"
        }
      },
      "snaply.imaging": {
        "type": "Project"
      }
    },
    "net10.0-windows10.0.26100/win-arm64": {
      "Microsoft.Graphics.Win2D": {
        "type": "Direct",
        "requested": "[1.4.0, )",
        "resolved": "1.4.0",
        "contentHash": "/04yyf3xEOxeBK+SXxGB6OYLjXBVuujcLQF04mREcRcBT59IMI+oDbXOZZG2c/mJL8kKFC8r3wqz6MyA6IP3oA==",
        "dependencies": {
          "Microsoft.WindowsAppSDK.WinUI": "1.8.260204000"
        }
      },
      "Microsoft.Web.WebView2": {
        "type": "Transitive",
        "resolved": "1.0.3719.77",
        "contentHash": "t+ucyKw5NTwMjsUrDF6R9Lk40lpcKQD1/HgyGFxl49tdA4h9dKlsj6FYGEmDRpFNfnTpENuTypMcdbrlkqBdDA=="
      },
      "Microsoft.WindowsAppSDK.Foundation": {
        "type": "Transitive",
        "resolved": "2.1.0",
        "contentHash": "Urz1WrsXHYDHYrCPIWZlSTwgXwghEXlS6lY62Hk3vZE0GZ3hyYrMM7a+p6RrXC55GEgrRhOTRqXqcH2ZL/UWRA==",
        "dependencies": {
          "Microsoft.WindowsAppSDK.Base": "2.0.4",
          "Microsoft.WindowsAppSDK.InteractiveExperiences": "2.0.15"
        }
      }
    },
    "net10.0-windows10.0.26100/win-x64": {
      "Microsoft.Graphics.Win2D": {
        "type": "Direct",
        "requested": "[1.4.0, )",
        "resolved": "1.4.0",
        "contentHash": "/04yyf3xEOxeBK+SXxGB6OYLjXBVuujcLQF04mREcRcBT59IMI+oDbXOZZG2c/mJL8kKFC8r3wqz6MyA6IP3oA==",
        "dependencies": {
          "Microsoft.WindowsAppSDK.WinUI": "1.8.260204000"
        }
      },
      "Microsoft.Web.WebView2": {
        "type": "Transitive",
        "resolved": "1.0.3719.77",
        "contentHash": "t+ucyKw5NTwMjsUrDF6R9Lk40lpcKQD1/HgyGFxl49tdA4h9dKlsj6FYGEmDRpFNfnTpENuTypMcdbrlkqBdDA=="
      },
      "Microsoft.WindowsAppSDK.Foundation": {
        "type": "Transitive",
        "resolved": "2.1.0",
        "contentHash": "Urz1WrsXHYDHYrCPIWZlSTwgXwghEXlS6lY62Hk3vZE0GZ3hyYrMM7a+p6RrXC55GEgrRhOTRqXqcH2ZL/UWRA==",
        "dependencies": {
          "Microsoft.WindowsAppSDK.Base": "2.0.4",
          "Microsoft.WindowsAppSDK.InteractiveExperiences": "2.0.15"
        }
      }
    }
  }
}