<Solution>
  <Folder Name="/src/">
    <Project Path="src/Snaply.App/Snaply.App.csproj" />
    <Project Path="src/Snaply.Imaging/Snaply.Imaging.csproj" />
  </Folder>
  <Folder Name="/tests/">
    <Project Path="tests/Snaply.App.Tests/Snaply.App.Tests.csproj" />
    <Project Path="tests/Snaply.Tests/Snaply.Tests.csproj" />
  </Folder>
</Solution>
